// !$*UTF8*$!
{
	archiveVersion = 1;
	classes = {
	};
	objectVersion = 46;
	objects = {

/* Begin PBXBuildFile section */
		45DB6AE2191ACB8E00A883C7 /* URBNImageHUD.m in Sources */ = {isa = PBXBuildFile; fileRef = 45DB6AE1191ACB8E00A883C7 /* URBNImageHUD.m */; };
		A2D28DC9191965A200B66C24 /* Foundation.framework in Frameworks */ = {isa = PBXBuildFile; fileRef = A2D28DC8191965A200B66C24 /* Foundation.framework */; };
		A2D28DCB191965A200B66C24 /* CoreGraphics.framework in Frameworks */ = {isa = PBXBuildFile; fileRef = A2D28DCA191965A200B66C24 /* CoreGraphics.framework */; };
		A2D28DCD191965A200B66C24 /* UIKit.framework in Frameworks */ = {isa = PBXBuildFile; fileRef = A2D28DCC191965A200B66C24 /* UIKit.framework */; };
		A2D28DD3191965A200B66C24 /* InfoPlist.strings in Resources */ = {isa = PBXBuildFile; fileRef = A2D28DD1191965A200B66C24 /* InfoPlist.strings */; };
		A2D28DD5191965A200B66C24 /* main.m in Sources */ = {isa = PBXBuildFile; fileRef = A2D28DD4191965A200B66C24 /* main.m */; };
		A2D28DD9191965A200B66C24 /* URBNAppDelegate.m in Sources */ = {isa = PBXBuildFile; fileRef = A2D28DD8191965A200B66C24 /* URBNAppDelegate.m */; };
		A2D28DDB191965A200B66C24 /* Images.xcassets in Resources */ = {isa = PBXBuildFile; fileRef = A2D28DDA191965A200B66C24 /* Images.xcassets */; };
		A2D28DE2191965A200B66C24 /* XCTest.framework in Frameworks */ = {isa = PBXBuildFile; fileRef = A2D28DE1191965A200B66C24 /* XCTest.framework */; };
		A2D28DE3191965A200B66C24 /* Foundation.framework in Frameworks */ = {isa = PBXBuildFile; fileRef = A2D28DC8191965A200B66C24 /* Foundation.framework */; };
		A2D28DE4191965A200B66C24 /* UIKit.framework in Frameworks */ = {isa = PBXBuildFile; fileRef = A2D28DCC191965A200B66C24 /* UIKit.framework */; };
		A2D28DEC191965A200B66C24 /* InfoPlist.strings in Resources */ = {isa = PBXBuildFile; fileRef = A2D28DEA191965A200B66C24 /* InfoPlist.strings */; };
		A2D28DEE191965A200B66C24 /* URBNImageHudTests.m in Sources */ = {isa = PBXBuildFile; fileRef = A2D28DED191965A200B66C24 /* URBNImageHudTests.m */; };
		A2D28DFF1919669800B66C24 /* URBNDemoViewController.m in Sources */ = {isa = PBXBuildFile; fileRef = A2D28DFD1919669800B66C24 /* URBNDemoViewController.m */; };
		A2D28E001919669800B66C24 /* URBNDemoViewController.xib in Resources */ = {isa = PBXBuildFile; fileRef = A2D28DFE1919669800B66C24 /* URBNDemoViewController.xib */; };
/* End PBXBuildFile section */

/* Begin PBXContainerItemProxy section */
		A2D28DE5191965A200B66C24 /* PBXContainerItemProxy */ = {
			isa = PBXContainerItemProxy;
			containerPortal = A2D28DBD191965A200B66C24 /* Project object */;
			proxyType = 1;
			remoteGlobalIDString = A2D28DC4191965A200B66C24;
			remoteInfo = URBNImageHUDExampleApp;
		};
/* End PBXContainerItemProxy section */

/* Begin PBXFileReference section */
		45DB6AE0191ACB8E00A883C7 /* URBNImageHUD.h */ = {isa = PBXFileReference; fileEncoding = 4; lastKnownFileType = sourcecode.c.h; path = URBNImageHUD.h; sourceTree = "<group>"; };
		45DB6AE1191ACB8E00A883C7 /* URBNImageHUD.m */ = {isa = PBXFileReference; fileEncoding = 4; lastKnownFileType = sourcecode.c.objc; path = URBNImageHUD.m; sourceTree = "<group>"; };
		A2D28DC5191965A200B66C24 /* URBNImageHUDExampleApp.app */ = {isa = PBXFileReference; explicitFileType = wrapper.application; includeInIndex = 0; path = URBNImageHUDExampleApp.app; sourceTree = BUILT_PRODUCTS_DIR; };
		A2D28DC8191965A200B66C24 /* Foundation.framework */ = {isa = PBXFileReference; lastKnownFileType = wrapper.framework; name = Foundation.framework; path = System/Library/Frameworks/Foundation.framework; sourceTree = SDKROOT; };
		A2D28DCA191965A200B66C24 /* CoreGraphics.framework */ = {isa = PBXFileReference; lastKnownFileType = wrapper.framework; name = CoreGraphics.framework; path = System/Library/Frameworks/CoreGraphics.framework; sourceTree = SDKROOT; };
		A2D28DCC191965A200B66C24 /* UIKit.framework */ = {isa = PBXFileReference; lastKnownFileType = wrapper.framework; name = UIKit.framework; path = System/Library/Frameworks/UIKit.framework; sourceTree = SDKROOT; };
		A2D28DD0191965A200B66C24 /* URBNImageHUDExampleApp-Info.plist */ = {isa = PBXFileReference; lastKnownFileType = text.plist.xml; path = "URBNImageHUDExampleApp-Info.plist"; sourceTree = "<group>"; };
		A2D28DD2191965A200B66C24 /* en */ = {isa = PBXFileReference; lastKnownFileType = text.plist.strings; name = en; path = en.lproj/InfoPlist.strings; sourceTree = "<group>"; };
		A2D28DD4191965A200B66C24 /* main.m */ = {isa = PBXFileReference; lastKnownFileType = sourcecode.c.objc; path = main.m; sourceTree = "<group>"; };
		A2D28DD6191965A200B66C24 /* URBNImageHUDExampleApp-Prefix.pch */ = {isa = PBXFileReference; lastKnownFileType = sourcecode.c.h; path = "URBNImageHUDExampleApp-Prefix.pch"; sourceTree = "<group>"; };
		A2D28DD7191965A200B66C24 /* URBNAppDelegate.h */ = {isa = PBXFileReference; lastKnownFileType = sourcecode.c.h; path = URBNAppDelegate.h; sourceTree = "<group>"; };
		A2D28DD8191965A200B66C24 /* URBNAppDelegate.m */ = {isa = PBXFileReference; lastKnownFileType = sourcecode.c.objc; path = URBNAppDelegate.m; sourceTree = "<group>"; };
		A2D28DDA191965A200B66C24 /* Images.xcassets */ = {isa = PBXFileReference; lastKnownFileType = folder.assetcatalog; path = Images.xcassets; sourceTree = "<group>"; };
		A2D28DE0191965A200B66C24 /* URBNImageHUDExampleApp.temp_caseinsensitive_renameTests.xctest */ = {isa = PBXFileReference; explicitFileType = wrapper.cfbundle; includeInIndex = 0; path = URBNImageHUDExampleApp.temp_caseinsensitive_renameTests.xctest; sourceTree = BUILT_PRODUCTS_DIR; };
		A2D28DE1191965A200B66C24 /* XCTest.framework */ = {isa = PBXFileReference; lastKnownFileType = wrapper.framework; name = XCTest.framework; path = Library/Frameworks/XCTest.framework; sourceTree = DEVELOPER_DIR; };
		A2D28DE9191965A200B66C24 /* URBNImageHUDTests-Info.plist */ = {isa = PBXFileReference; lastKnownFileType = text.plist.xml; path = "URBNImageHUDTests-Info.plist"; sourceTree = "<group>"; };
		A2D28DEB191965A200B66C24 /* en */ = {isa = PBXFileReference; lastKnownFileType = text.plist.strings; name = en; path = en.lproj/InfoPlist.strings; sourceTree = "<group>"; };
		A2D28DED191965A200B66C24 /* URBNImageHudTests.m */ = {isa = PBXFileReference; lastKnownFileType = sourcecode.c.objc; path = URBNImageHudTests.m; sourceTree = "<group>"; };
		A2D28DFC1919669800B66C24 /* URBNDemoViewController.h */ = {isa = PBXFileReference; fileEncoding = 4; lastKnownFileType = sourcecode.c.h; path = URBNDemoViewController.h; sourceTree = "<group>"; };
		A2D28DFD1919669800B66C24 /* URBNDemoViewController.m */ = {isa = PBXFileReference; fileEncoding = 4; lastKnownFileType = sourcecode.c.objc; path = URBNDemoViewController.m; sourceTree = "<group>"; };
		A2D28DFE1919669800B66C24 /* URBNDemoViewController.xib */ = {isa = PBXFileReference; fileEncoding = 4; lastKnownFileType = file.xib; path = URBNDemoViewController.xib; sourceTree = "<group>"; };
/* End PBXFileReference section */

/* Begin PBXFrameworksBuildPhase section */
		A2D28DC2191965A200B66C24 /* Frameworks */ = {
			isa = PBXFrameworksBuildPhase;
			buildActionMask = 2147483647;
			files = (
				A2D28DCB191965A200B66C24 /* CoreGraphics.framework in Frameworks */,
				A2D28DCD191965A200B66C24 /* UIKit.framework in Frameworks */,
				A2D28DC9191965A200B66C24 /* Foundation.framework in Frameworks */,
			);
			runOnlyForDeploymentPostprocessing = 0;
		};
		A2D28DDD191965A200B66C24 /* Frameworks */ = {
			isa = PBXFrameworksBuildPhase;
			buildActionMask = 2147483647;
			files = (
				A2D28DE2191965A200B66C24 /* XCTest.framework in Frameworks */,
				A2D28DE4191965A200B66C24 /* UIKit.framework in Frameworks */,
				A2D28DE3191965A200B66C24 /* Foundation.framework in Frameworks */,
			);
			runOnlyForDeploymentPostprocessing = 0;
		};
/* End PBXFrameworksBuildPhase section */

/* Begin PBXGroup section */
		45DB6ADF191ACB8E00A883C7 /* URBNImageHUD */ = {
			isa = PBXGroup;
			children = (
				45DB6AE0191ACB8E00A883C7 /* URBNImageHUD.h */,
				45DB6AE1191ACB8E00A883C7 /* URBNImageHUD.m */,
			);
			name = URBNImageHUD;
			path = ../URBNImageHUD;
			sourceTree = SOURCE_ROOT;
		};
		A2D28DBC191965A200B66C24 = {
			isa = PBXGroup;
			children = (
				45DB6ADF191ACB8E00A883C7 /* URBNImageHUDExampleApp */,
				A2D28DCE191965A200B66C24 /* URBNImageHUDExample */,
				A2D28DE7191965A200B66C24 /* URBNImageHUDExampleTests */,
				A2D28DC7191965A200B66C24 /* Frameworks */,
				A2D28DC6191965A200B66C24 /* Products */,
			);
			sourceTree = "<group>";
		};
		A2D28DC6191965A200B66C24 /* Products */ = {
			isa = PBXGroup;
			children = (
				A2D28DC5191965A200B66C24 /* URBNImageHUDExampleApp.app */,
				A2D28DE0191965A200B66C24 /* URBNImageHUDExampleApp.temp_caseinsensitive_renameTests.xctest */,
			);
			name = Products;
			sourceTree = "<group>";
		};
		A2D28DC7191965A200B66C24 /* Frameworks */ = {
			isa = PBXGroup;
			children = (
				A2D28DC8191965A200B66C24 /* Foundation.framework */,
				A2D28DCA191965A200B66C24 /* CoreGraphics.framework */,
				A2D28DCC191965A200B66C24 /* UIKit.framework */,
				A2D28DE1191965A200B66C24 /* XCTest.framework */,
			);
			name = Frameworks;
			sourceTree = "<group>";
		};
		A2D28DCE191965A200B66C24 /* URBNImageHUDExample */ = {
			isa = PBXGroup;
			children = (
				A2D28DD7191965A200B66C24 /* URBNAppDelegate.h */,
				A2D28DD8191965A200B66C24 /* URBNAppDelegate.m */,
				A2D28DFC1919669800B66C24 /* URBNDemoViewController.h */,
				A2D28DFD1919669800B66C24 /* URBNDemoViewController.m */,
				A2D28DFE1919669800B66C24 /* URBNDemoViewController.xib */,
				A2D28DDA191965A200B66C24 /* Images.xcassets */,
				A2D28DCF191965A200B66C24 /* Supporting Files */,
			);
			name = URBNImageHUDExample;
			path = URBNImageHUDExampleApp;
			sourceTree = "<group>";
		};
		A2D28DCF191965A200B66C24 /* Supporting Files */ = {
			isa = PBXGroup;
			children = (
				A2D28DD0191965A200B66C24 /* URBNImageHUDExampleApp-Info.plist */,
				A2D28DD1191965A200B66C24 /* InfoPlist.strings */,
				A2D28DD4191965A200B66C24 /* main.m */,
				A2D28DD6191965A200B66C24 /* URBNImageHUDExampleApp-Prefix.pch */,
			);
			name = "Supporting Files";
			sourceTree = "<group>";
		};
		A2D28DE7191965A200B66C24 /* URBNImageHUDExampleTests */ = {
			isa = PBXGroup;
			children = (
				A2D28DED191965A200B66C24 /* URBNImageHudTests.m */,
				A2D28DE8191965A200B66C24 /* Supporting Files */,
			);
			name = URBNImageHUDExampleTests;
			path = URBNImageHUDExampleAppTests;
			sourceTree = "<group>";
		};
		A2D28DE8191965A200B66C24 /* Supporting Files */ = {
			isa = PBXGroup;
			children = (
				A2D28DE9191965A200B66C24 /* URBNImageHUDTests-Info.plist */,
				A2D28DEA191965A200B66C24 /* InfoPlist.strings */,
			);
			name = "Supporting Files";
			sourceTree = "<group>";
		};
/* End PBXGroup section */

/* Begin PBXNativeTarget section */
		A2D28DC4191965A200B66C24 /* URBNImageHUDExampleApp */ = {
			isa = PBXNativeTarget;
			buildConfigurationList = A2D28DF1191965A200B66C24 /* Build configuration list for PBXNativeTarget "URBNImageHUDExampleApp" */;
			buildPhases = (
				A2D28DC1191965A200B66C24 /* Sources */,
				A2D28DC2191965A200B66C24 /* Frameworks */,
				A2D28DC3191965A200B66C24 /* Resources */,
			);
			buildRules = (
			);
			dependencies = (
			);
			name = URBNImageHUDExampleApp;
			productName = URBNImageHUDExampleApp;
			productReference = A2D28DC5191965A200B66C24 /* URBNImageHUDExampleApp.app */;
			productType = "com.apple.product-type.application";
		};
		A2D28DDF191965A200B66C24 /* URBNImageHUDExampleAppTests */ = {
			isa = PBXNativeTarget;
			buildConfigurationList = A2D28DF4191965A200B66C24 /* Build configuration list for PBXNativeTarget "URBNImageHUDExampleAppTests" */;
			buildPhases = (
				A2D28DDC191965A200B66C24 /* Sources */,
				A2D28DDD191965A200B66C24 /* Frameworks */,
				A2D28DDE191965A200B66C24 /* Resources */,
			);
			buildRules = (
			);
			dependencies = (
				A2D28DE6191965A200B66C24 /* PBXTargetDependency */,
			);
			name = URBNImageHUDExampleAppTests;
			productName = URBNImageHudTests;
			productReference = A2D28DE0191965A200B66C24 /* URBNImageHUDExampleApp.temp_caseinsensitive_renameTests.xctest */;
			productType = "com.apple.product-type.bundle.unit-test";
		};
/* End PBXNativeTarget section */

/* Begin PBXProject section */
		A2D28DBD191965A200B66C24 /* Project object */ = {
			isa = PBXProject;
			attributes = {
				CLASSPREFIX = URBN;
				LastUpgradeCheck = 0510;
				ORGANIZATIONNAME = URBN;
				TargetAttributes = {
					A2D28DDF191965A200B66C24 = {
						TestTargetID = A2D28DC4191965A200B66C24;
					};
				};
			};
			buildConfigurationList = A2D28DC0191965A200B66C24 /* Build configuration list for PBXProject "URBNImageHUDExampleApp" */;
			compatibilityVersion = "Xcode 3.2";
			developmentRegion = English;
			hasScannedForEncodings = 0;
			knownRegions = (
				en,
			);
			mainGroup = A2D28DBC191965A200B66C24;
			productRefGroup = A2D28DC6191965A200B66C24 /* Products */;
			projectDirPath = "";
			projectRoot = "";
			targets = (
				A2D28DC4191965A200B66C24 /* URBNImageHUDExampleApp */,
				A2D28DDF191965A200B66C24 /* URBNImageHUDExampleAppTests */,
			);
		};
/* End PBXProject section */

/* Begin PBXResourcesBuildPhase section */
		A2D28DC3191965A200B66C24 /* Resources */ = {
			isa = PBXResourcesBuildPhase;
			buildActionMask = 2147483647;
			files = (
				A2D28DD3191965A200B66C24 /* InfoPlist.strings in Resources */,
				A2D28E001919669800B66C24 /* URBNDemoViewController.xib in Resources */,
				A2D28DDB191965A200B66C24 /* Images.xcassets in Resources */,
			);
			runOnlyForDeploymentPostprocessing = 0;
		};
		A2D28DDE191965A200B66C24 /* Resources */ = {
			isa = PBXResourcesBuildPhase;
			buildActionMask = 2147483647;
			files = (
				A2D28DEC191965A200B66C24 /* InfoPlist.strings in Resources */,
			);
			runOnlyForDeploymentPostprocessing = 0;
		};
/* End PBXResourcesBuildPhase section */

/* Begin PBXSourcesBuildPhase section */
		A2D28DC1191965A200B66C24 /* Sources */ = {
			isa = PBXSourcesBuildPhase;
			buildActionMask = 2147483647;
			files = (
				45DB6AE2191ACB8E00A883C7 /* URBNImageHUD.m in Sources */,
				A2D28DD5191965A200B66C24 /* main.m in Sources */,
				A2D28DD9191965A200B66C24 /* URBNAppDelegate.m in Sources */,
				A2D28DFF1919669800B66C24 /* URBNDemoViewController.m in Sources */,
			);
			runOnlyForDeploymentPostprocessing = 0;
		};
		A2D28DDC191965A200B66C24 /* Sources */ = {
			isa = PBXSourcesBuildPhase;
			buildActionMask = 2147483647;
			files = (
				A2D28DEE191965A200B66C24 /* URBNImageHudTests.m in Sources */,
			);
			runOnlyForDeploymentPostprocessing = 0;
		};
/* End PBXSourcesBuildPhase section */

/* Begin PBXTargetDependency section */
		A2D28DE6191965A200B66C24 /* PBXTargetDependency */ = {
			isa = PBXTargetDependency;
			target = A2D28DC4191965A200B66C24 /* URBNImageHUDExampleApp */;
			targetProxy = A2D28DE5191965A200B66C24 /* PBXContainerItemProxy */;
		};
/* End PBXTargetDependency section */

/* Begin PBXVariantGroup section */
		A2D28DD1191965A200B66C24 /* InfoPlist.strings */ = {
			isa = PBXVariantGroup;
			children = (
				A2D28DD2191965A200B66C24 /* en */,
			);
			name = InfoPlist.strings;
			sourceTree = "<group>";
		};
		A2D28DEA191965A200B66C24 /* InfoPlist.strings */ = {
			isa = PBXVariantGroup;
			children = (
				A2D28DEB191965A200B66C24 /* en */,
			);
			name = InfoPlist.strings;
			sourceTree = "<group>";
		};
/* End PBXVariantGroup section */

/* Begin XCBuildConfiguration section */
		A2D28DEF191965A200B66C24 /* Debug */ = {
			isa = XCBuildConfiguration;
			buildSettings = {
				ALWAYS_SEARCH_USER_PATHS = NO;
				CLANG_CXX_LANGUAGE_STANDARD = "gnu++0x";
				CLANG_CXX_LIBRARY = "libc++";
				CLANG_ENABLE_MODULES = YES;
				CLANG_ENABLE_OBJC_ARC = YES;
				CLANG_WARN_BOOL_CONVERSION = YES;
				CLANG_WARN_CONSTANT_CONVERSION = YES;
				CLANG_WARN_DIRECT_OBJC_ISA_USAGE = YES_ERROR;
				CLANG_WARN_EMPTY_BODY = YES;
				CLANG_WARN_ENUM_CONVERSION = YES;
				CLANG_WARN_INT_CONVERSION = YES;
				CLANG_WARN_OBJC_ROOT_CLASS = YES_ERROR;
				CLANG_WARN__DUPLICATE_METHOD_MATCH = YES;
				"CODE_SIGN_IDENTITY[sdk=iphoneos*]" = "iPhone Developer";
				COPY_PHASE_STRIP = NO;
				GCC_C_LANGUAGE_STANDARD = gnu99;
				GCC_DYNAMIC_NO_PIC = NO;
				GCC_OPTIMIZATION_LEVEL = 0;
				GCC_PREPROCESSOR_DEFINITIONS = (
					"DEBUG=1",
					"$(inherited)",
				);
				GCC_SYMBOLS_PRIVATE_EXTERN = NO;
				GCC_WARN_64_TO_32_BIT_CONVERSION = YES;
				GCC_WARN_ABOUT_RETURN_TYPE = YES_ERROR;
				GCC_WARN_UNDECLARED_SELECTOR = YES;
				GCC_WARN_UNINITIALIZED_AUTOS = YES_AGGRESSIVE;
				GCC_WARN_UNUSED_FUNCTION = YES;
				GCC_WARN_UNUSED_VARIABLE = YES;
				IPHONEOS_DEPLOYMENT_TARGET = 7.1;
				ONLY_ACTIVE_ARCH = YES;
				SDKROOT = iphoneos;
				TARGETED_DEVICE_FAMILY = "1,2";
			};
			name = Debug;
		};
		A2D28DF0191965A200B66C24 /* Release */ = {
			isa = XCBuildConfiguration;
			buildSettings = {
				ALWAYS_SEARCH_USER_PATHS = NO;
				CLANG_CXX_LANGUAGE_STANDARD = "gnu++0x";
				CLANG_CXX_LIBRARY = "libc++";
				CLANG_ENABLE_MODULES = YES;
				CLANG_ENABLE_OBJC_ARC = YES;
				CLANG_WARN_BOOL_CONVERSION = YES;
				CLANG_WARN_CONSTANT_CONVERSION = YES;
				CLANG_WARN_DIRECT_OBJC_ISA_USAGE = YES_ERROR;
				CLANG_WARN_EMPTY_BODY = YES;
				CLANG_WARN_ENUM_CONVERSION = YES;
				CLANG_WARN_INT_CONVERSION = YES;
				CLANG_WARN_OBJC_ROOT_CLASS = YES_ERROR;
				CLANG_WARN__DUPLICATE_METHOD_MATCH = YES;
				"CODE_SIGN_IDENTITY[sdk=iphoneos*]" = "iPhone Developer";
				COPY_PHASE_STRIP = YES;
				ENABLE_NS_ASSERTIONS = NO;
				GCC_C_LANGUAGE_STANDARD = gnu99;
				GCC_WARN_64_TO_32_BIT_CONVERSION = YES;
				GCC_WARN_ABOUT_RETURN_TYPE = YES_ERROR;
				GCC_WARN_UNDECLARED_SELECTOR = YES;
				GCC_WARN_UNINITIALIZED_AUTOS = YES_AGGRESSIVE;
				GCC_WARN_UNUSED_FUNCTION = YES;
				GCC_WARN_UNUSED_VARIABLE = YES;
				IPHONEOS_DEPLOYMENT_TARGET = 7.1;
				SDKROOT = iphoneos;
				TARGETED_DEVICE_FAMILY = "1,2";
				VALIDATE_PRODUCT = YES;
			};
			name = Release;
		};
		A2D28DF2191965A200B66C24 /* Debug */ = {
			isa = XCBuildConfiguration;
			buildSettings = {
				ASSETCATALOG_COMPILER_APPICON_NAME = AppIcon;
				ASSETCATALOG_COMPILER_LAUNCHIMAGE_NAME = LaunchImage;
				GCC_PRECOMPILE_PREFIX_HEADER = YES;
				GCC_PREFIX_HEADER = "URBNImageHUDExampleApp/URBNImageHUDExampleApp-Prefix.pch";
				INFOPLIST_FILE = "URBNImageHUDExampleApp/URBNImageHUDExampleApp-Info.plist";
				PRODUCT_NAME = URBNImageHUDExampleApp;
				WRAPPER_EXTENSION = app;
			};
			name = Debug;
		};
		A2D28DF3191965A200B66C24 /* Release */ = {
			isa = XCBuildConfiguration;
			buildSettings = {
				ASSETCATALOG_COMPILER_APPICON_NAME = AppIcon;
				ASSETCATALOG_COMPILER_LAUNCHIMAGE_NAME = LaunchImage;
				GCC_PRECOMPILE_PREFIX_HEADER = YES;
				GCC_PREFIX_HEADER = "URBNImageHUDExampleApp/URBNImageHUDExampleApp-Prefix.pch";
				INFOPLIST_FILE = "URBNImageHUDExampleApp/URBNImageHUDExampleApp-Info.plist";
				PRODUCT_NAME = URBNImageHUDExampleApp;
				WRAPPER_EXTENSION = app;
			};
			name = Release;
		};
		A2D28DF5191965A200B66C24 /* Debug */ = {
			isa = XCBuildConfiguration;
			buildSettings = {
				BUNDLE_LOADER = "$(BUILT_PRODUCTS_DIR)/URBNImageHUDExampleApp.app/URBNImageHud";
				FRAMEWORK_SEARCH_PATHS = (
					"$(SDKROOT)/Developer/Library/Frameworks",
					"$(inherited)",
					"$(DEVELOPER_FRAMEWORKS_DIR)",
				);
				GCC_PRECOMPILE_PREFIX_HEADER = YES;
				GCC_PREFIX_HEADER = "URBNImageHUDExampleApp/URBNImageHud-Prefix.pch";
				GCC_PREPROCESSOR_DEFINITIONS = (
					"DEBUG=1",
					"$(inherited)",
				);
				INFOPLIST_FILE = "URBNImageHUDExampleAppTests/URBNImageHUDExampleApp.temp_caseinsensitive_renameTests-Info.plist";
				PRODUCT_NAME = URBNImageHUDExampleApp.temp_caseinsensitive_renameTests;
				TEST_HOST = "$(BUNDLE_LOADER)";
				WRAPPER_EXTENSION = xctest;
			};
			name = Debug;
		};
		A2D28DF6191965A200B66C24 /* Release */ = {
			isa = XCBuildConfiguration;
			buildSettings = {
				BUNDLE_LOADER = "$(BUILT_PRODUCTS_DIR)/URBNImageHUDExampleApp.app/URBNImageHUDExampleApp";
				FRAMEWORK_SEARCH_PATHS = (
					"$(SDKROOT)/Developer/Library/Frameworks",
					"$(inherited)",
					"$(DEVELOPER_FRAMEWORKS_DIR)",
				);
				GCC_PRECOMPILE_PREFIX_HEADER = YES;
				GCC_PREFIX_HEADER = "URBNImageHUDExampleApp/URBNImageHud-Prefix.pch";
				INFOPLIST_FILE = "URBNImageHUDExampleAppTests/URBNImageHUDExampleApp.temp_caseinsensitive_renameTests-Info.plist";
				PRODUCT_NAME = URBNImageHUDExampleApp.temp_caseinsensitive_renameTests;
				TEST_HOST = "$(BUNDLE_LOADER)";
				WRAPPER_EXTENSION = xctest;
			};
			name = Release;
		};
/* End XCBuildConfiguration section */

/* Begin XCConfigurationList section */
		A2D28DC0191965A200B66C24 /* Build configuration list for PBXProject "URBNImageHUDExampleApp" */ = {
			isa = XCConfigurationList;
			buildConfigurations = (
				A2D28DEF191965A200B66C24 /* Debug */,
				A2D28DF0191965A200B66C24 /* Release */,
			);
			defaultConfigurationIsVisible = 0;
			defaultConfigurationName = Release;
		};
		A2D28DF1191965A200B66C24 /* Build configuration list for PBXNativeTarget "URBNImageHUDExampleApp" */ = {
			isa = XCConfigurationList;
			buildConfigurations = (
				A2D28DF2191965A200B66C24 /* Debug */,
				A2D28DF3191965A200B66C24 /* Release */,
			);
			defaultConfigurationIsVisible = 0;
			defaultConfigurationName = Release;
		};
		A2D28DF4191965A200B66C24 /* Build configuration list for PBXNativeTarget "URBNImageHUDExampleAppTests" */ = {
			isa = XCConfigurationList;
			buildConfigurations = (
				A2D28DF5191965A200B66C24 /* Debug */,
				A2D28DF6191965A200B66C24 /* Release */,
			);
			defaultConfigurationIsVisible = 0;
			defaultConfigurationName = Release;
		};
/* End XCConfigurationList section */
	};
	rootObject = A2D28DBD191965A200B66C24 /* Project object */;
}
